
Microsoft Visual Studio Solution File, Format Version 12.00
# Visual Studio Version 17
VisualStudioVersion = 17.3.32901.215
MinimumVisualStudioVersion = 10.0.40219.1
Project("{FAE04EC0-301F-11D3-BF4B-00C04F79EFBC}") = "Convocation", "Convocation.csproj", "{974EEB1E-5181-49D6-AA27-1938FD5F46CE}"
EndProject
Global
	GlobalSection(SolutionConfigurationPlatforms) = preSolution
		Debug|Any CPU = Debug|Any CPU
		Release|Any CPU = Release|Any CPU
	EndGlobalSection
	GlobalSection(ProjectConfigurationPlatforms) = postSolution
		{974EEB1E-5181-49D6-AA27-1938FD5F46CE}.Debug|Any CPU.ActiveCfg = Debug|Any CPU
		{974EEB1E-5181-49D6-AA27-1938FD5F46CE}.Debug|Any CPU.Build.0 = Debug|Any CPU
		{974EEB1E-5181-49D6-AA27-1938FD5F46CE}.Release|Any CPU.ActiveCfg = Release|Any CPU
		{974EEB1E-5181-49D6-AA27-1938FD5F46CE}.Release|Any CPU.Build.0 = Release|Any CPU
	EndGlobalSection
	GlobalSection(SolutionProperties) = preSolution
		HideSolutionNode = FALSE
	EndGlobalSection
	GlobalSection(ExtensibilityGlobals) = postSolution
		SolutionGuid = {30C37274-DD90-480F-8868-5DA22F3E3BD7}
	EndGlobalSection
EndGlobal
